
Microsoft Visual Studio Solution File, Format Version 12.00
# Visual Studio 15
Project("{FAE04EC0-301F-11D3-BF4B-00C04F79EFBC}") = "UnityEngine.UI", "UnityEngine.UI.csproj", "{64E07A56-E50C-B203-13AA-7BE790828D71}"
EndProject
Project("{FAE04EC0-301F-11D3-BF4B-00C04F79EFBC}") = "UnityEngine.TestRunner", "UnityEngine.TestRunner.csproj", "{B237D132-D2E4-6512-A888-91CC70C8F377}"
EndProject
Project("{FAE04EC0-301F-11D3-BF4B-00C04F79EFBC}") = "Unity.Mathematics", "Unity.Mathematics.csproj", "{DE4E1717-F862-F460-BBB0-5E0078F695FC}"
EndProject
Project("{FAE04EC0-301F-11D3-BF4B-00C04F79EFBC}") = "Unity.2D.Animation.Triangle.Runtime", "Unity.2D.Animation.Triangle.Runtime.csproj", "{8594C2C1-1BB2-C34B-0BFA-271E242EB215}"
EndProject
Project("{FAE04EC0-301F-11D3-BF4B-00C04F79EFBC}") = "Unity.Timeline", "Unity.Timeline.csproj", "{B3EFC203-D566-B3A2-81D7-C380E0109E8E}"
EndProject
Project("{FAE04EC0-301F-11D3-BF4B-00C04F79EFBC}") = "Unity.TextMeshPro", "Unity.TextMeshPro.csproj", "{802C2ED3-48EE-637B-C4B6-7303B2890652}"
EndProject
Project("{FAE04EC0-301F-11D3-BF4B-00C04F79EFBC}") = "Unity.2D.Animation.Runtime", "Unity.2D.Animation.Runtime.csproj", "{95364A04-F89E-196F-24D1-0FB2B439B504}"
EndProject
Project("{FAE04EC0-301F-11D3-BF4B-00C04F79EFBC}") = "Unity.2D.IK.Runtime", "Unity.2D.IK.Runtime.csproj", "{D9CF0B6D-D534-20B3-8D72-69A3682A39BA}"
EndProject
Project("{FAE04EC0-301F-11D3-BF4B-00C04F79EFBC}") = "Unity.2D.SpriteShape.Runtime", "Unity.2D.SpriteShape.Runtime.csproj", "{E1779D65-BC37-B957-D7A5-51E2EFEBE137}"
EndProject
Project("{FAE04EC0-301F-11D3-BF4B-00C04F79EFBC}") = "Unity.2D.PixelPerfect", "Unity.2D.PixelPerfect.csproj", "{A9A54D6B-2F7D-4303-943E-AF097DAA3EF4}"
EndProject
Project("{FAE04EC0-301F-11D3-BF4B-00C04F79EFBC}") = "Unity.2D.Common.Runtime", "Unity.2D.Common.Runtime.csproj", "{99F07E41-711A-0650-B650-C4B386BA9C14}"
EndProject
Project("{FAE04EC0-301F-11D3-BF4B-00C04F79EFBC}") = "Unity.InternalAPIEngineBridge.001", "Unity.InternalAPIEngineBridge.001.csproj", "{79EF7741-A90E-D61E-382E-AE464DCDE365}"
EndProject
Project("{FAE04EC0-301F-11D3-BF4B-00C04F79EFBC}") = "UnityEditor.TestRunner", "UnityEditor.TestRunner.csproj", "{DBA63CE0-8AC4-7A68-82E3-D986C85C005F}"
EndProject
Project("{FAE04EC0-301F-11D3-BF4B-00C04F79EFBC}") = "Unity.PlasticSCM.Editor", "Unity.PlasticSCM.Editor.csproj", "{8AB2C068-ED15-B736-4C46-2418C5BBFA73}"
EndProject
Project("{FAE04EC0-301F-11D3-BF4B-00C04F79EFBC}") = "UnityEditor.UI", "UnityEditor.UI.csproj", "{D7C90EBD-D28B-5F9D-DC56-C3A26F037D99}"
EndProject
Project("{FAE04EC0-301F-11D3-BF4B-00C04F79EFBC}") = "Unity.Services.Core.Editor", "Unity.Services.Core.Editor.csproj", "{FC17E6C4-5EE7-8AF6-7F59-FDA7AEDD164A}"
EndProject
Project("{FAE04EC0-301F-11D3-BF4B-00C04F79EFBC}") = "Unity.Timeline.Editor", "Unity.Timeline.Editor.csproj", "{180BA99B-6A16-E72C-E774-4488DE6C5BED}"
EndProject
Project("{FAE04EC0-301F-11D3-BF4B-00C04F79EFBC}") = "Unity.VisualStudio.Editor", "Unity.VisualStudio.Editor.csproj", "{2CBD58A5-71BF-4E3B-AB9A-E837E0EC6EEC}"
EndProject
Project("{FAE04EC0-301F-11D3-BF4B-00C04F79EFBC}") = "Unity.2D.Psdimporter.Editor", "Unity.2D.Psdimporter.Editor.csproj", "{7F0D4792-4F75-C3BC-E089-8CBBAD3836DA}"
EndProject
Project("{FAE04EC0-301F-11D3-BF4B-00C04F79EFBC}") = "Unity.2D.Animation.Editor", "Unity.2D.Animation.Editor.csproj", "{6EE6FA61-5B7F-7F27-FF11-990228991002}"
EndProject
Project("{FAE04EC0-301F-11D3-BF4B-00C04F79EFBC}") = "Unity.TextMeshPro.Editor", "Unity.TextMeshPro.Editor.csproj", "{D24FD81C-B28E-C609-6751-D663CBC46150}"
EndProject
Project("{FAE04EC0-301F-11D3-BF4B-00C04F79EFBC}") = "Unity.2D.SpriteShape.Editor", "Unity.2D.SpriteShape.Editor.csproj", "{A4DE7B44-13B2-E096-4C78-1835916BD531}"
EndProject
Project("{FAE04EC0-301F-11D3-BF4B-00C04F79EFBC}") = "Unity.CollabProxy.Editor", "Unity.CollabProxy.Editor.csproj", "{671FF755-8C48-C19A-17DB-4A51EF2F2808}"
EndProject
Project("{FAE04EC0-301F-11D3-BF4B-00C04F79EFBC}") = "PsdPlugin", "PsdPlugin.csproj", "{BD440AE4-E0BE-CC09-0853-0FB375541FB8}"
EndProject
Project("{FAE04EC0-301F-11D3-BF4B-00C04F79EFBC}") = "Unity.2D.Path.Editor", "Unity.2D.Path.Editor.csproj", "{A87814A2-5143-E0CB-1553-8A1E0FD055AF}"
EndProject
Project("{FAE04EC0-301F-11D3-BF4B-00C04F79EFBC}") = "Unity.Rider.Editor", "Unity.Rider.Editor.csproj", "{05CC6A3D-C5A3-357B-B32A-4A970540D84E}"
EndProject
Project("{FAE04EC0-301F-11D3-BF4B-00C04F79EFBC}") = "Unity.2D.IK.Editor", "Unity.2D.IK.Editor.csproj", "{B01628F4-C63B-DD54-DEBF-70B8825AB90C}"
EndProject
Project("{FAE04EC0-301F-11D3-BF4B-00C04F79EFBC}") = "Unity.2D.Sprite.Editor", "Unity.2D.Sprite.Editor.csproj", "{A0EEAC78-A866-9094-A8BB-F5DCAA23449D}"
EndProject
Project("{FAE04EC0-301F-11D3-BF4B-00C04F79EFBC}") = "Unity.2D.Tilemap.Editor", "Unity.2D.Tilemap.Editor.csproj", "{2A292CAC-C9CE-3693-2799-CD7DAD70080D}"
EndProject
Project("{FAE04EC0-301F-11D3-BF4B-00C04F79EFBC}") = "Unity.2D.PixelPerfect.Editor", "Unity.2D.PixelPerfect.Editor.csproj", "{143179B9-EF9B-6C5B-CFEB-44860FD76D6D}"
EndProject
Project("{FAE04EC0-301F-11D3-BF4B-00C04F79EFBC}") = "Unity.VSCode.Editor", "Unity.VSCode.Editor.csproj", "{45B6B611-F5E6-CA07-075C-08C00FA70C92}"
EndProject
Project("{FAE04EC0-301F-11D3-BF4B-00C04F79EFBC}") = "Unity.2D.Common.Editor", "Unity.2D.Common.Editor.csproj", "{999556C8-8C32-94E8-14A1-4A94D8910C3B}"
EndProject
Project("{FAE04EC0-301F-11D3-BF4B-00C04F79EFBC}") = "Unity.Mathematics.Editor", "Unity.Mathematics.Editor.csproj", "{4B3AC25F-593B-17A8-6CD8-E6DBD376BC5D}"
EndProject
Project("{FAE04EC0-301F-11D3-BF4B-00C04F79EFBC}") = "Unity.InternalAPIEditorBridge.001", "Unity.InternalAPIEditorBridge.001.csproj", "{19B85F0E-ED16-E535-22C5-4CC21A45A59F}"
EndProject
Global
	GlobalSection(SolutionConfigurationPlatforms) = preSolution
		Debug|Any CPU = Debug|Any CPU
		Release|Any CPU = Release|Any CPU
	EndGlobalSection
	GlobalSection(ProjectConfigurationPlatforms) = postSolution
		{64E07A56-E50C-B203-13AA-7BE790828D71}.Debug|Any CPU.ActiveCfg = Debug|Any CPU
		{64E07A56-E50C-B203-13AA-7BE790828D71}.Debug|Any CPU.Build.0 = Debug|Any CPU
		{64E07A56-E50C-B203-13AA-7BE790828D71}.Release|Any CPU.ActiveCfg = Release|Any CPU
		{64E07A56-E50C-B203-13AA-7BE790828D71}.Release|Any CPU.Build.0 = Release|Any CPU
		{B237D132-D2E4-6512-A888-91CC70C8F377}.Debug|Any CPU.ActiveCfg = Debug|Any CPU
		{B237D132-D2E4-6512-A888-91CC70C8F377}.Debug|Any CPU.Build.0 = Debug|Any CPU
		{B237D132-D2E4-6512-A888-91CC70C8F377}.Release|Any CPU.ActiveCfg = Release|Any CPU
		{B237D132-D2E4-6512-A888-91CC70C8F377}.Release|Any CPU.Build.0 = Release|Any CPU
		{DE4E1717-F862-F460-BBB0-5E0078F695FC}.Debug|Any CPU.ActiveCfg = Debug|Any CPU
		{DE4E1717-F862-F460-BBB0-5E0078F695FC}.Debug|Any CPU.Build.0 = Debug|Any CPU
		{DE4E1717-F862-F460-BBB0-5E0078F695FC}.Release|Any CPU.ActiveCfg = Release|Any CPU
		{DE4E1717-F862-F460-BBB0-5E0078F695FC}.Release|Any CPU.Build.0 = Release|Any CPU
		{8594C2C1-1BB2-C34B-0BFA-271E242EB215}.Debug|Any CPU.ActiveCfg = Debug|Any CPU
		{8594C2C1-1BB2-C34B-0BFA-271E242EB215}.Debug|Any CPU.Build.0 = Debug|Any CPU
		{8594C2C1-1BB2-C34B-0BFA-271E242EB215}.Release|Any CPU.ActiveCfg = Release|Any CPU
		{8594C2C1-1BB2-C34B-0BFA-271E242EB215}.Release|Any CPU.Build.0 = Release|Any CPU
		{B3EFC203-D566-B3A2-81D7-C380E0109E8E}.Debug|Any CPU.ActiveCfg = Debug|Any CPU
		{B3EFC203-D566-B3A2-81D7-C380E0109E8E}.Debug|Any CPU.Build.0 = Debug|Any CPU
		{B3EFC203-D566-B3A2-81D7-C380E0109E8E}.Release|Any CPU.ActiveCfg = Release|Any CPU
		{B3EFC203-D566-B3A2-81D7-C380E0109E8E}.Release|Any CPU.Build.0 = Release|Any CPU
		{802C2ED3-48EE-637B-C4B6-7303B2890652}.Debug|Any CPU.ActiveCfg = Debug|Any CPU
		{802C2ED3-48EE-637B-C4B6-7303B2890652}.Debug|Any CPU.Build.0 = Debug|Any CPU
		{802C2ED3-48EE-637B-C4B6-7303B2890652}.Release|Any CPU.ActiveCfg = Release|Any CPU
		{802C2ED3-48EE-637B-C4B6-7303B2890652}.Release|Any CPU.Build.0 = Release|Any CPU
		{95364A04-F89E-196F-24D1-0FB2B439B504}.Debug|Any CPU.ActiveCfg = Debug|Any CPU
		{95364A04-F89E-196F-24D1-0FB2B439B504}.Debug|Any CPU.Build.0 = Debug|Any CPU
		{95364A04-F89E-196F-24D1-0FB2B439B504}.Release|Any CPU.ActiveCfg = Release|Any CPU
		{95364A04-F89E-196F-24D1-0FB2B439B504}.Release|Any CPU.Build.0 = Release|Any CPU
		{D9CF0B6D-D534-20B3-8D72-69A3682A39BA}.Debug|Any CPU.ActiveCfg = Debug|Any CPU
		{D9CF0B6D-D534-20B3-8D72-69A3682A39BA}.Debug|Any CPU.Build.0 = Debug|Any CPU
		{D9CF0B6D-D534-20B3-8D72-69A3682A39BA}.Release|Any CPU.ActiveCfg = Release|Any CPU
		{D9CF0B6D-D534-20B3-8D72-69A3682A39BA}.Release|Any CPU.Build.0 = Release|Any CPU
		{E1779D65-BC37-B957-D7A5-51E2EFEBE137}.Debug|Any CPU.ActiveCfg = Debug|Any CPU
		{E1779D65-BC37-B957-D7A5-51E2EFEBE137}.Debug|Any CPU.Build.0 = Debug|Any CPU
		{E1779D65-BC37-B957-D7A5-51E2EFEBE137}.Release|Any CPU.ActiveCfg = Release|Any CPU
		{E1779D65-BC37-B957-D7A5-51E2EFEBE137}.Release|Any CPU.Build.0 = Release|Any CPU
		{A9A54D6B-2F7D-4303-943E-AF097DAA3EF4}.Debug|Any CPU.ActiveCfg = Debug|Any CPU
		{A9A54D6B-2F7D-4303-943E-AF097DAA3EF4}.Debug|Any CPU.Build.0 = Debug|Any CPU
		{A9A54D6B-2F7D-4303-943E-AF097DAA3EF4}.Release|Any CPU.ActiveCfg = Release|Any CPU
		{A9A54D6B-2F7D-4303-943E-AF097DAA3EF4}.Release|Any CPU.Build.0 = Release|Any CPU
		{99F07E41-711A-0650-B650-C4B386BA9C14}.Debug|Any CPU.ActiveCfg = Debug|Any CPU
		{99F07E41-711A-0650-B650-C4B386BA9C14}.Debug|Any CPU.Build.0 = Debug|Any CPU
		{99F07E41-711A-0650-B650-C4B386BA9C14}.Release|Any CPU.ActiveCfg = Release|Any CPU
		{99F07E41-711A-0650-B650-C4B386BA9C14}.Release|Any CPU.Build.0 = Release|Any CPU
		{79EF7741-A90E-D61E-382E-AE464DCDE365}.Debug|Any CPU.ActiveCfg = Debug|Any CPU
		{79EF7741-A90E-D61E-382E-AE464DCDE365}.Debug|Any CPU.Build.0 = Debug|Any CPU
		{79EF7741-A90E-D61E-382E-AE464DCDE365}.Release|Any CPU.ActiveCfg = Release|Any CPU
		{79EF7741-A90E-D61E-382E-AE464DCDE365}.Release|Any CPU.Build.0 = Release|Any CPU
		{DBA63CE0-8AC4-7A68-82E3-D986C85C005F}.Debug|Any CPU.ActiveCfg = Debug|Any CPU
		{DBA63CE0-8AC4-7A68-82E3-D986C85C005F}.Debug|Any CPU.Build.0 = Debug|Any CPU
		{DBA63CE0-8AC4-7A68-82E3-D986C85C005F}.Release|Any CPU.ActiveCfg = Release|Any CPU
		{DBA63CE0-8AC4-7A68-82E3-D986C85C005F}.Release|Any CPU.Build.0 = Release|Any CPU
		{8AB2C068-ED15-B736-4C46-2418C5BBFA73}.Debug|Any CPU.ActiveCfg = Debug|Any CPU
		{8AB2C068-ED15-B736-4C46-2418C5BBFA73}.Debug|Any CPU.Build.0 = Debug|Any CPU
		{8AB2C068-ED15-B736-4C46-2418C5BBFA73}.Release|Any CPU.ActiveCfg = Release|Any CPU
		{8AB2C068-ED15-B736-4C46-2418C5BBFA73}.Release|Any CPU.Build.0 = Release|Any CPU
		{D7C90EBD-D28B-5F9D-DC56-C3A26F037D99}.Debug|Any CPU.ActiveCfg = Debug|Any CPU
		{D7C90EBD-D28B-5F9D-DC56-C3A26F037D99}.Debug|Any CPU.Build.0 = Debug|Any CPU
		{D7C90EBD-D28B-5F9D-DC56-C3A26F037D99}.Release|Any CPU.ActiveCfg = Release|Any CPU
		{D7C90EBD-D28B-5F9D-DC56-C3A26F037D99}.Release|Any CPU.Build.0 = Release|Any CPU
		{FC17E6C4-5EE7-8AF6-7F59-FDA7AEDD164A}.Debug|Any CPU.ActiveCfg = Debug|Any CPU
		{FC17E6C4-5EE7-8AF6-7F59-FDA7AEDD164A}.Debug|Any CPU.Build.0 = Debug|Any CPU
		{FC17E6C4-5EE7-8AF6-7F59-FDA7AEDD164A}.Release|Any CPU.ActiveCfg = Release|Any CPU
		{FC17E6C4-5EE7-8AF6-7F59-FDA7AEDD164A}.Release|Any CPU.Build.0 = Release|Any CPU
		{180BA99B-6A16-E72C-E774-4488DE6C5BED}.Debug|Any CPU.ActiveCfg = Debug|Any CPU
		{180BA99B-6A16-E72C-E774-4488DE6C5BED}.Debug|Any CPU.Build.0 = Debug|Any CPU
		{180BA99B-6A16-E72C-E774-4488DE6C5BED}.Release|Any CPU.ActiveCfg = Release|Any CPU
		{180BA99B-6A16-E72C-E774-4488DE6C5BED}.Release|Any CPU.Build.0 = Release|Any CPU
		{2CBD58A5-71BF-4E3B-AB9A-E837E0EC6EEC}.Debug|Any CPU.ActiveCfg = Debug|Any CPU
		{2CBD58A5-71BF-4E3B-AB9A-E837E0EC6EEC}.Debug|Any CPU.Build.0 = Debug|Any CPU
		{2CBD58A5-71BF-4E3B-AB9A-E837E0EC6EEC}.Release|Any CPU.ActiveCfg = Release|Any CPU
		{2CBD58A5-71BF-4E3B-AB9A-E837E0EC6EEC}.Release|Any CPU.Build.0 = Release|Any CPU
		{7F0D4792-4F75-C3BC-E089-8CBBAD3836DA}.Debug|Any CPU.ActiveCfg = Debug|Any CPU
		{7F0D4792-4F75-C3BC-E089-8CBBAD3836DA}.Debug|Any CPU.Build.0 = Debug|Any CPU
		{7F0D4792-4F75-C3BC-E089-8CBBAD3836DA}.Release|Any CPU.ActiveCfg = Release|Any CPU
		{7F0D4792-4F75-C3BC-E089-8CBBAD3836DA}.Release|Any CPU.Build.0 = Release|Any CPU
		{6EE6FA61-5B7F-7F27-FF11-990228991002}.Debug|Any CPU.ActiveCfg = Debug|Any CPU
		{6EE6FA61-5B7F-7F27-FF11-990228991002}.Debug|Any CPU.Build.0 = Debug|Any CPU
		{6EE6FA61-5B7F-7F27-FF11-990228991002}.Release|Any CPU.ActiveCfg = Release|Any CPU
		{6EE6FA61-5B7F-7F27-FF11-990228991002}.Release|Any CPU.Build.0 = Release|Any CPU
		{D24FD81C-B28E-C609-6751-D663CBC46150}.Debug|Any CPU.ActiveCfg = Debug|Any CPU
		{D24FD81C-B28E-C609-6751-D663CBC46150}.Debug|Any CPU.Build.0 = Debug|Any CPU
		{D24FD81C-B28E-C609-6751-D663CBC46150}.Release|Any CPU.ActiveCfg = Release|Any CPU
		{D24FD81C-B28E-C609-6751-D663CBC46150}.Release|Any CPU.Build.0 = Release|Any CPU
		{A4DE7B44-13B2-E096-4C78-1835916BD531}.Debug|Any CPU.ActiveCfg = Debug|Any CPU
		{A4DE7B44-13B2-E096-4C78-1835916BD531}.Debug|Any CPU.Build.0 = Debug|Any CPU
		{A4DE7B44-13B2-E096-4C78-1835916BD531}.Release|Any CPU.ActiveCfg = Release|Any CPU
		{A4DE7B44-13B2-E096-4C78-1835916BD531}.Release|Any CPU.Build.0 = Release|Any CPU
		{671FF755-8C48-C19A-17DB-4A51EF2F2808}.Debug|Any CPU.ActiveCfg = Debug|Any CPU
		{671FF755-8C48-C19A-17DB-4A51EF2F2808}.Debug|Any CPU.Build.0 = Debug|Any CPU
		{671FF755-8C48-C19A-17DB-4A51EF2F2808}.Release|Any CPU.ActiveCfg = Release|Any CPU
		{671FF755-8C48-C19A-17DB-4A51EF2F2808}.Release|Any CPU.Build.0 = Release|Any CPU
		{BD440AE4-E0BE-CC09-0853-0FB375541FB8}.Debug|Any CPU.ActiveCfg = Debug|Any CPU
		{BD440AE4-E0BE-CC09-0853-0FB375541FB8}.Debug|Any CPU.Build.0 = Debug|Any CPU
		{BD440AE4-E0BE-CC09-0853-0FB375541FB8}.Release|Any CPU.ActiveCfg = Release|Any CPU
		{BD440AE4-E0BE-CC09-0853-0FB375541FB8}.Release|Any CPU.Build.0 = Release|Any CPU
		{A87814A2-5143-E0CB-1553-8A1E0FD055AF}.Debug|Any CPU.ActiveCfg = Debug|Any CPU
		{A87814A2-5143-E0CB-1553-8A1E0FD055AF}.Debug|Any CPU.Build.0 = Debug|Any CPU
		{A87814A2-5143-E0CB-1553-8A1E0FD055AF}.Release|Any CPU.ActiveCfg = Release|Any CPU
		{A87814A2-5143-E0CB-1553-8A1E0FD055AF}.Release|Any CPU.Build.0 = Release|Any CPU
		{05CC6A3D-C5A3-357B-B32A-4A970540D84E}.Debug|Any CPU.ActiveCfg = Debug|Any CPU
		{05CC6A3D-C5A3-357B-B32A-4A970540D84E}.Debug|Any CPU.Build.0 = Debug|Any CPU
		{05CC6A3D-C5A3-357B-B32A-4A970540D84E}.Release|Any CPU.ActiveCfg = Release|Any CPU
		{05CC6A3D-C5A3-357B-B32A-4A970540D84E}.Release|Any CPU.Build.0 = Release|Any CPU
		{B01628F4-C63B-DD54-DEBF-70B8825AB90C}.Debug|Any CPU.ActiveCfg = Debug|Any CPU
		{B01628F4-C63B-DD54-DEBF-70B8825AB90C}.Debug|Any CPU.Build.0 = Debug|Any CPU
		{B01628F4-C63B-DD54-DEBF-70B8825AB90C}.Release|Any CPU.ActiveCfg = Release|Any CPU
		{B01628F4-C63B-DD54-DEBF-70B8825AB90C}.Release|Any CPU.Build.0 = Release|Any CPU
		{A0EEAC78-A866-9094-A8BB-F5DCAA23449D}.Debug|Any CPU.ActiveCfg = Debug|Any CPU
		{A0EEAC78-A866-9094-A8BB-F5DCAA23449D}.Debug|Any CPU.Build.0 = Debug|Any CPU
		{A0EEAC78-A866-9094-A8BB-F5DCAA23449D}.Release|Any CPU.ActiveCfg = Release|Any CPU
		{A0EEAC78-A866-9094-A8BB-F5DCAA23449D}.Release|Any CPU.Build.0 = Release|Any CPU
		{2A292CAC-C9CE-3693-2799-CD7DAD70080D}.Debug|Any CPU.ActiveCfg = Debug|Any CPU
		{2A292CAC-C9CE-3693-2799-CD7DAD70080D}.Debug|Any CPU.Build.0 = Debug|Any CPU
		{2A292CAC-C9CE-3693-2799-CD7DAD70080D}.Release|Any CPU.ActiveCfg = Release|Any CPU
		{2A292CAC-C9CE-3693-2799-CD7DAD70080D}.Release|Any CPU.Build.0 = Release|Any CPU
		{143179B9-EF9B-6C5B-CFEB-44860FD76D6D}.Debug|Any CPU.ActiveCfg = Debug|Any CPU
		{143179B9-EF9B-6C5B-CFEB-44860FD76D6D}.Debug|Any CPU.Build.0 = Debug|Any CPU
		{143179B9-EF9B-6C5B-CFEB-44860FD76D6D}.Release|Any CPU.ActiveCfg = Release|Any CPU
		{143179B9-EF9B-6C5B-CFEB-44860FD76D6D}.Release|Any CPU.Build.0 = Release|Any CPU
		{45B6B611-F5E6-CA07-075C-08C00FA70C92}.Debug|Any CPU.ActiveCfg = Debug|Any CPU
		{45B6B611-F5E6-CA07-075C-08C00FA70C92}.Debug|Any CPU.Build.0 = Debug|Any CPU
		{45B6B611-F5E6-CA07-075C-08C00FA70C92}.Release|Any CPU.ActiveCfg = Release|Any CPU
		{45B6B611-F5E6-CA07-075C-08C00FA70C92}.Release|Any CPU.Build.0 = Release|Any CPU
		{999556C8-8C32-94E8-14A1-4A94D8910C3B}.Debug|Any CPU.ActiveCfg = Debug|Any CPU
		{999556C8-8C32-94E8-14A1-4A94D8910C3B}.Debug|Any CPU.Build.0 = Debug|Any CPU
		{999556C8-8C32-94E8-14A1-4A94D8910C3B}.Release|Any CPU.ActiveCfg = Release|Any CPU
		{999556C8-8C32-94E8-14A1-4A94D8910C3B}.Release|Any CPU.Build.0 = Release|Any CPU
		{4B3AC25F-593B-17A8-6CD8-E6DBD376BC5D}.Debug|Any CPU.ActiveCfg = Debug|Any CPU
		{4B3AC25F-593B-17A8-6CD8-E6DBD376BC5D}.Debug|Any CPU.Build.0 = Debug|Any CPU
		{4B3AC25F-593B-17A8-6CD8-E6DBD376BC5D}.Release|Any CPU.ActiveCfg = Release|Any CPU
		{4B3AC25F-593B-17A8-6CD8-E6DBD376BC5D}.Release|Any CPU.Build.0 = Release|Any CPU
		{19B85F0E-ED16-E535-22C5-4CC21A45A59F}.Debug|Any CPU.ActiveCfg = Debug|Any CPU
		{19B85F0E-ED16-E535-22C5-4CC21A45A59F}.Debug|Any CPU.Build.0 = Debug|Any CPU
		{19B85F0E-ED16-E535-22C5-4CC21A45A59F}.Release|Any CPU.ActiveCfg = Release|Any CPU
		{19B85F0E-ED16-E535-22C5-4CC21A45A59F}.Release|Any CPU.Build.0 = Release|Any CPU
	EndGlobalSection
	GlobalSection(SolutionProperties) = preSolution
		HideSolutionNode = FALSE
	EndGlobalSection
EndGlobal
